{
  "name": "sai",
  "version": "1.0.0",
  "lockfileVersion": 2,
  "requires": true,
  "packages": {
    "": {
      "name": "sai",
      "version": "1.0.0",
      "license": "MIT",
      "dependencies": {
        "sai": "^3.0.0"
      }
    },
    "node_modules/sai": {
      "version": "3.0.0",
      "resolved": "https://registry.npmjs.org/sai/-/sai-3.0.0.tgz",
      "integrity": "sha512-vY7U/+GfJVAZWYxs9+1+rbEfAEkVQfDOhE9R8OlaqZX5iIvULxWPWx/A1WecwIr8ALw1l39hCruafkDZWcsLxg=="
    }
  },
  "dependencies": {
    "sai": {
      "version": "3.0.0",
      "resolved": "https://registry.npmjs.org/sai/-/sai-3.0.0.tgz",
      "integrity": "sha512-vY7U/+GfJVAZWYxs9+1+rbEfAEkVQfDOhE9R8OlaqZX5iIvULxWPWx/A1WecwIr8ALw1l39hCruafkDZWcsLxg=="
    }
  }
}
